{
  "name": "platformatic-kafka-snappy-repro",
  "lockfileVersion": 3,
  "requires": true,
  "packages": {
    "": {
      "name": "platformatic-kafka-snappy-repro",
      "dependencies": {
        "@platformatic/wasm-utils": "0.2.1"
      }
    },
    "node_modules/@platformatic/dynamic-buffer": {
      "version": "0.3.1",
      "resolved": "https://registry.npmjs.org/@platformatic/dynamic-buffer/-/dynamic-buffer-0.3.1.tgz",
      "integrity": "sha512-xQD5JSkQc4D15suOk7FezGDmh6Vb5e4phDoFZ/ASpa3Ft+3fOVwFOENmHtC1561zm/xHnKwI91NbMF8inpbk0Q==",
      "license": "Apache-2.0",
      "engines": {
        "node": ">= 22.19.0"
      }
    },
    "node_modules/@platformatic/wasm-utils": {
      "version": "0.2.1",
      "resolved": "https://registry.npmjs.org/@platformatic/wasm-utils/-/wasm-utils-0.2.1.tgz",
      "integrity": "sha512-5rNl4h5n+hZG4LjiItQ7bVfHBqTypjldP46NXrOYW64cZr87ahngK1s9nEtCpByWg7WWjRLSxyCytgJK5gNdwQ==",
      "license": "Apache-2.0",
      "dependencies": {
        "@platformatic/dynamic-buffer": "^0.3.1"
      },
      "engines": {
        "node": ">= 22.19.0"
      }
    }
  }
}
